# This file is automatically @generated by Cargo.
# It is not intended for manual editing.
version = 4

[[package]]
name = "jhtml-css"
version = "0.1.0"

[[package]]
name = "jhtml-js"
version = "0.1.0"

[[package]]
name = "jhtml-layout"
version = "0.1.0"

[[package]]
name = "jhtml-parse"
version = "0.1.0"

[[package]]
name = "jhtml-pdf"
version = "0.1.0"

[[package]]
name = "jhtml-text"
version = "0.1.0"

[[package]]
name = "jhtmltopdf"
version = "0.1.0"
dependencies = [
 "jhtml-css",
 "jhtml-js",
 "jhtml-layout",
 "jhtml-parse",
 "jhtml-pdf",
 "jhtml-text",
]
